
Microsoft Visual Studio Solution File, Format Version 12.00
# Visual Studio Version 17
VisualStudioVersion = 17.0.31903.59
MinimumVisualStudioVersion = 10.0.40219.1
Project("{FAE04EC0-301F-11D3-BF4B-00C04F79EFBC}") = "auto-extract-watcher", "auto-extract-watcher.csproj", "{3BB44C00-0D81-4650-ADA0-E9E5F3ED3532}"
EndProject
Global
	GlobalSection(SolutionConfigurationPlatforms) = preSolution
		Debug|Any CPU = Debug|Any CPU
		Release|Any CPU = Release|Any CPU
	EndGlobalSection
	GlobalSection(ProjectConfigurationPlatforms) = postSolution
		{3BB44C00-0D81-4650-ADA0-E9E5F3ED3532}.Debug|Any CPU.ActiveCfg = Debug|Any CPU
		{3BB44C00-0D81-4650-ADA0-E9E5F3ED3532}.Debug|Any CPU.Build.0 = Debug|Any CPU
		{3BB44C00-0D81-4650-ADA0-E9E5F3ED3532}.Release|Any CPU.ActiveCfg = Release|Any CPU
		{3BB44C00-0D81-4650-ADA0-E9E5F3ED3532}.Release|Any CPU.Build.0 = Release|Any CPU
	EndGlobalSection
	GlobalSection(SolutionProperties) = preSolution
		HideSolutionNode = FALSE
	EndGlobalSection
	GlobalSection(ExtensibilityGlobals) = postSolution
		SolutionGuid = {B1704D5D-A1C7-4770-8D55-23A67E135D1D}
	EndGlobalSection
EndGlobal
